
Microsoft Visual Studio Solution File, Format Version 11.00
# Visual Studio 2010
Project("{2150E333-8FDC-42A3-9474-1A3956D46DE8}") = "Solution Items", "Solution Items", "{A4350BCF-0712-4CBB-A0BA-87BFD0F4D792}"
	ProjectSection(SolutionItems) = preProject
		MediaBrowser.vsmdi = MediaBrowser.vsmdi
	EndProjectSection
EndProject
Project("{FAE04EC0-301F-11D3-BF4B-00C04F79EFBC}") = "MediaBrowser", "MediaBrowser.csproj", "{C6B27E5F-3D83-4D71-85B9-AF83C8392721}"
EndProject
Global
	GlobalSection(SolutionConfigurationPlatforms) = preSolution
		Debug|Any CPU = Debug|Any CPU
		Release|Any CPU = Release|Any CPU
	EndGlobalSection
	GlobalSection(ProjectConfigurationPlatforms) = postSolution
		{C6B27E5F-3D83-4D71-85B9-AF83C8392721}.Debug|Any CPU.ActiveCfg = Debug|Any CPU
		{C6B27E5F-3D83-4D71-85B9-AF83C8392721}.Debug|Any CPU.Build.0 = Debug|Any CPU
		{C6B27E5F-3D83-4D71-85B9-AF83C8392721}.Release|Any CPU.ActiveCfg = Release|Any CPU
		{C6B27E5F-3D83-4D71-85B9-AF83C8392721}.Release|Any CPU.Build.0 = Release|Any CPU
	EndGlobalSection
	GlobalSection(SolutionProperties) = preSolution
		HideSolutionNode = FALSE
	EndGlobalSection
EndGlobal
